// !$*UTF8*$!
{
	archiveVersion = 1;
	classes = {
	};
	objectVersion = 56;
	objects = {

/* Begin PBXBuildFile section */
		0A4DCB4F2B94FF73002F23D8 /* URLSessionProtocol.swift in Sources */ = {isa = PBXBuildFile; fileRef = 0A4DCB4E2B94FF73002F23D8 /* URLSessionProtocol.swift */; };
		0A4DCB552B95DF53002F23D8 /* MainAppView.swift in Sources */ = {isa = PBXBuildFile; fileRef = 0A4DCB542B95DF53002F23D8 /* MainAppView.swift */; };
		0A4DCB5B2B96811C002F23D8 /* DCFCard.swift in Sources */ = {isa = PBXBuildFile; fileRef = 0A4DCB5A2B96811C002F23D8 /* DCFCard.swift */; };
		0A4DCB5D2B9A3260002F23D8 /* DCFModel.swift in Sources */ = {isa = PBXBuildFile; fileRef = 0A4DCB5C2B9A3260002F23D8 /* DCFModel.swift */; };
		0A54536D2B5937F4000BB273 /* LeonApp.swift in Sources */ = {isa = PBXBuildFile; fileRef = 0A54536C2B5937F4000BB273 /* LeonApp.swift */; };
		0A54536F2B5937F4000BB273 /* ContentView.swift in Sources */ = {isa = PBXBuildFile; fileRef = 0A54536E2B5937F4000BB273 /* ContentView.swift */; };
		0A5453712B5937F4000BB273 /* Item.swift in Sources */ = {isa = PBXBuildFile; fileRef = 0A5453702B5937F4000BB273 /* Item.swift */; };
		0A5453732B5937F7000BB273 /* Assets.xcassets in Resources */ = {isa = PBXBuildFile; fileRef = 0A5453722B5937F7000BB273 /* Assets.xcassets */; };
		0A5453762B5937F7000BB273 /* Preview Assets.xcassets in Resources */ = {isa = PBXBuildFile; fileRef = 0A5453752B5937F7000BB273 /* Preview Assets.xcassets */; };
		0A5453822B5937F7000BB273 /* LeonTests.swift in Sources */ = {isa = PBXBuildFile; fileRef = 0A5453812B5937F7000BB273 /* LeonTests.swift */; };
		0A54538C2B5937F7000BB273 /* LeonUITests.swift in Sources */ = {isa = PBXBuildFile; fileRef = 0A54538B2B5937F7000BB273 /* LeonUITests.swift */; };
		0A54538E2B5937F7000BB273 /* LeonUITestsLaunchTests.swift in Sources */ = {isa = PBXBuildFile; fileRef = 0A54538D2B5937F7000BB273 /* LeonUITestsLaunchTests.swift */; };
		0A54539B2B594D71000BB273 /* FinancialModel.swift in Sources */ = {isa = PBXBuildFile; fileRef = 0A54539A2B594D71000BB273 /* FinancialModel.swift */; };
		0A54539D2B5A7EC2000BB273 /* API.swift in Sources */ = {isa = PBXBuildFile; fileRef = 0A54539C2B5A7EC2000BB273 /* API.swift */; };
		0A54539F2B5A80FB000BB273 /* FinancialViewModel.swift in Sources */ = {isa = PBXBuildFile; fileRef = 0A54539E2B5A80FB000BB273 /* FinancialViewModel.swift */; };
		0A71D4112B826438004EBDA9 /* FirebaseAnalytics in Frameworks */ = {isa = PBXBuildFile; productRef = 0A71D4102B826438004EBDA9 /* FirebaseAnalytics */; settings = {ATTRIBUTES = (Weak, ); }; };
		0A71D4192B826438004EBDA9 /* FirebaseAuth in Frameworks */ = {isa = PBXBuildFile; productRef = 0A71D4182B826438004EBDA9 /* FirebaseAuth */; };
		0A71D41B2B8264B2004EBDA9 /* GoogleService-Info.plist in Resources */ = {isa = PBXBuildFile; fileRef = 0A71D41A2B8264B2004EBDA9 /* GoogleService-Info.plist */; };
		0A71D41D2B828470004EBDA9 /* CompanyOverviewCard.swift in Sources */ = {isa = PBXBuildFile; fileRef = 0A71D41C2B828470004EBDA9 /* CompanyOverviewCard.swift */; };
		0A71D41F2B82850A004EBDA9 /* QuoteCard.swift in Sources */ = {isa = PBXBuildFile; fileRef = 0A71D41E2B82850A004EBDA9 /* QuoteCard.swift */; };
		0A71D4252B82A046004EBDA9 /* FinancialDataService.swift in Sources */ = {isa = PBXBuildFile; fileRef = 0A71D4242B82A046004EBDA9 /* FinancialDataService.swift */; };
		0A71D4272B82A0E9004EBDA9 /* AuthViewModel.swift in Sources */ = {isa = PBXBuildFile; fileRef = 0A71D4262B82A0E9004EBDA9 /* AuthViewModel.swift */; };
		0A71D4292B82AF5F004EBDA9 /* DCFData.swift in Sources */ = {isa = PBXBuildFile; fileRef = 0A71D4282B82AF5F004EBDA9 /* DCFData.swift */; };
/* End PBXBuildFile section */

/* Begin PBXContainerItemProxy section */
		0A54537E2B5937F7000BB273 /* PBXContainerItemProxy */ = {
			isa = PBXContainerItemProxy;
			containerPortal = 0A5453612B5937F4000BB273 /* Project object */;
			proxyType = 1;
			remoteGlobalIDString = 0A5453682B5937F4000BB273;
			remoteInfo = Leon;
		};
		0A5453882B5937F7000BB273 /* PBXContainerItemProxy */ = {
			isa = PBXContainerItemProxy;
			containerPortal = 0A5453612B5937F4000BB273 /* Project object */;
			proxyType = 1;
			remoteGlobalIDString = 0A5453682B5937F4000BB273;
			remoteInfo = Leon;
		};
/* End PBXContainerItemProxy section */

/* Begin PBXFileReference section */
		0A4DCB4E2B94FF73002F23D8 /* URLSessionProtocol.swift */ = {isa = PBXFileReference; lastKnownFileType = sourcecode.swift; path = URLSessionProtocol.swift; sourceTree = "<group>"; };
		0A4DCB542B95DF53002F23D8 /* MainAppView.swift */ = {isa = PBXFileReference; lastKnownFileType = sourcecode.swift; path = MainAppView.swift; sourceTree = "<group>"; };
		0A4DCB5A2B96811C002F23D8 /* DCFCard.swift */ = {isa = PBXFileReference; lastKnownFileType = sourcecode.swift; path = DCFCard.swift; sourceTree = "<group>"; };
		0A4DCB5C2B9A3260002F23D8 /* DCFModel.swift */ = {isa = PBXFileReference; lastKnownFileType = sourcecode.swift; path = DCFModel.swift; sourceTree = "<group>"; };
		0A5453692B5937F4000BB273 /* Leon.app */ = {isa = PBXFileReference; explicitFileType = wrapper.application; includeInIndex = 0; path = Leon.app; sourceTree = BUILT_PRODUCTS_DIR; };
		0A54536C2B5937F4000BB273 /* LeonApp.swift */ = {isa = PBXFileReference; lastKnownFileType = sourcecode.swift; path = LeonApp.swift; sourceTree = "<group>"; };
		0A54536E2B5937F4000BB273 /* ContentView.swift */ = {isa = PBXFileReference; lastKnownFileType = sourcecode.swift; path = ContentView.swift; sourceTree = "<group>"; };
		0A5453702B5937F4000BB273 /* Item.swift */ = {isa = PBXFileReference; lastKnownFileType = sourcecode.swift; path = Item.swift; sourceTree = "<group>"; };
		0A5453722B5937F7000BB273 /* Assets.xcassets */ = {isa = PBXFileReference; lastKnownFileType = folder.assetcatalog; path = Assets.xcassets; sourceTree = "<group>"; };
		0A5453752B5937F7000BB273 /* Preview Assets.xcassets */ = {isa = PBXFileReference; lastKnownFileType = folder.assetcatalog; path = "Preview Assets.xcassets"; sourceTree = "<group>"; };
		0A5453772B5937F7000BB273 /* Leon.entitlements */ = {isa = PBXFileReference; lastKnownFileType = text.plist.entitlements; path = Leon.entitlements; sourceTree = "<group>"; };
		0A5453782B5937F7000BB273 /* Info.plist */ = {isa = PBXFileReference; lastKnownFileType = text.plist.xml; path = Info.plist; sourceTree = "<group>"; };
		0A54537D2B5937F7000BB273 /* LeonTests.xctest */ = {isa = PBXFileReference; explicitFileType = wrapper.cfbundle; includeInIndex = 0; path = LeonTests.xctest; sourceTree = BUILT_PRODUCTS_DIR; };
		0A5453812B5937F7000BB273 /* LeonTests.swift */ = {isa = PBXFileReference; lastKnownFileType = sourcecode.swift; path = LeonTests.swift; sourceTree = "<group>"; };
		0A5453872B5937F7000BB273 /* LeonUITests.xctest */ = {isa = PBXFileReference; explicitFileType = wrapper.cfbundle; includeInIndex = 0; path = LeonUITests.xctest; sourceTree = BUILT_PRODUCTS_DIR; };
		0A54538B2B5937F7000BB273 /* LeonUITests.swift */ = {isa = PBXFileReference; lastKnownFileType = sourcecode.swift; path = LeonUITests.swift; sourceTree = "<group>"; };
		0A54538D2B5937F7000BB273 /* LeonUITestsLaunchTests.swift */ = {isa = PBXFileReference; lastKnownFileType = sourcecode.swift; path = LeonUITestsLaunchTests.swift; sourceTree = "<group>"; };
		0A54539A2B594D71000BB273 /* FinancialModel.swift */ = {isa = PBXFileReference; lastKnownFileType = sourcecode.swift; path = FinancialModel.swift; sourceTree = "<group>"; };
		0A54539C2B5A7EC2000BB273 /* API.swift */ = {isa = PBXFileReference; lastKnownFileType = sourcecode.swift; path = API.swift; sourceTree = "<group>"; };
		0A54539E2B5A80FB000BB273 /* FinancialViewModel.swift */ = {isa = PBXFileReference; lastKnownFileType = sourcecode.swift; path = FinancialViewModel.swift; sourceTree = "<group>"; };
		0A71D41A2B8264B2004EBDA9 /* GoogleService-Info.plist */ = {isa = PBXFileReference; fileEncoding = 4; lastKnownFileType = text.plist.xml; path = "GoogleService-Info.plist"; sourceTree = "<group>"; };
		0A71D41C2B828470004EBDA9 /* CompanyOverviewCard.swift */ = {isa = PBXFileReference; lastKnownFileType = sourcecode.swift; path = CompanyOverviewCard.swift; sourceTree = "<group>"; };
		0A71D41E2B82850A004EBDA9 /* QuoteCard.swift */ = {isa = PBXFileReference; lastKnownFileType = sourcecode.swift; path = QuoteCard.swift; sourceTree = "<group>"; };
		0A71D4242B82A046004EBDA9 /* FinancialDataService.swift */ = {isa = PBXFileReference; lastKnownFileType = sourcecode.swift; path = FinancialDataService.swift; sourceTree = "<group>"; };
		0A71D4262B82A0E9004EBDA9 /* AuthViewModel.swift */ = {isa = PBXFileReference; lastKnownFileType = sourcecode.swift; path = AuthViewModel.swift; sourceTree = "<group>"; };
		0A71D4282B82AF5F004EBDA9 /* DCFData.swift */ = {isa = PBXFileReference; lastKnownFileType = sourcecode.swift; path = DCFData.swift; sourceTree = "<group>"; };
/* End PBXFileReference section */

/* Begin PBXFrameworksBuildPhase section */
		0A5453662B5937F4000BB273 /* Frameworks */ = {
			isa = PBXFrameworksBuildPhase;
			buildActionMask = 2147483647;
			files = (
				0A71D4192B826438004EBDA9 /* FirebaseAuth in Frameworks */,
				0A71D4112B826438004EBDA9 /* FirebaseAnalytics in Frameworks */,
			);
			runOnlyForDeploymentPostprocessing = 0;
		};
		0A54537A2B5937F7000BB273 /* Frameworks */ = {
			isa = PBXFrameworksBuildPhase;
			buildActionMask = 2147483647;
			files = (
			);
			runOnlyForDeploymentPostprocessing = 0;
		};
		0A5453842B5937F7000BB273 /* Frameworks */ = {
			isa = PBXFrameworksBuildPhase;
			buildActionMask = 2147483647;
			files = (
			);
			runOnlyForDeploymentPostprocessing = 0;
		};
/* End PBXFrameworksBuildPhase section */

/* Begin PBXGroup section */
		0A5453602B5937F4000BB273 = {
			isa = PBXGroup;
			children = (
				0A54536B2B5937F4000BB273 /* Leon */,
				0A5453802B5937F7000BB273 /* LeonTests */,
				0A54538A2B5937F7000BB273 /* LeonUITests */,
				0A54536A2B5937F4000BB273 /* Products */,
				0A71D4382B8BC7B5004EBDA9 /* Frameworks */,
			);
			sourceTree = "<group>";
		};
		0A54536A2B5937F4000BB273 /* Products */ = {
			isa = PBXGroup;
			children = (
				0A5453692B5937F4000BB273 /* Leon.app */,
				0A54537D2B5937F7000BB273 /* LeonTests.xctest */,
				0A5453872B5937F7000BB273 /* LeonUITests.xctest */,
			);
			name = Products;
			sourceTree = "<group>";
		};
		0A54536B2B5937F4000BB273 /* Leon */ = {
			isa = PBXGroup;
			children = (
				0A54539C2B5A7EC2000BB273 /* API.swift */,
				0A4DCB4E2B94FF73002F23D8 /* URLSessionProtocol.swift */,
				0A54539E2B5A80FB000BB273 /* FinancialViewModel.swift */,
				0A71D4242B82A046004EBDA9 /* FinancialDataService.swift */,
				0A54536C2B5937F4000BB273 /* LeonApp.swift */,
				0A54539A2B594D71000BB273 /* FinancialModel.swift */,
				0A71D4262B82A0E9004EBDA9 /* AuthViewModel.swift */,
				0A54536E2B5937F4000BB273 /* ContentView.swift */,
				0A4DCB542B95DF53002F23D8 /* MainAppView.swift */,
				0A71D4282B82AF5F004EBDA9 /* DCFData.swift */,
				0A4DCB5C2B9A3260002F23D8 /* DCFModel.swift */,
				0A71D41C2B828470004EBDA9 /* CompanyOverviewCard.swift */,
				0A71D41E2B82850A004EBDA9 /* QuoteCard.swift */,
				0A4DCB5A2B96811C002F23D8 /* DCFCard.swift */,
				0A5453702B5937F4000BB273 /* Item.swift */,
				0A5453722B5937F7000BB273 /* Assets.xcassets */,
				0A5453772B5937F7000BB273 /* Leon.entitlements */,
				0A5453782B5937F7000BB273 /* Info.plist */,
				0A71D41A2B8264B2004EBDA9 /* GoogleService-Info.plist */,
				0A5453742B5937F7000BB273 /* Preview Content */,
			);
			path = Leon;
			sourceTree = "<group>";
		};
		0A5453742B5937F7000BB273 /* Preview Content */ = {
			isa = PBXGroup;
			children = (
				0A5453752B5937F7000BB273 /* Preview Assets.xcassets */,
			);
			path = "Preview Content";
			sourceTree = "<group>";
		};
		0A5453802B5937F7000BB273 /* LeonTests */ = {
			isa = PBXGroup;
			children = (
				0A5453812B5937F7000BB273 /* LeonTests.swift */,
			);
			path = LeonTests;
			sourceTree = "<group>";
		};
		0A54538A2B5937F7000BB273 /* LeonUITests */ = {
			isa = PBXGroup;
			children = (
				0A54538B2B5937F7000BB273 /* LeonUITests.swift */,
				0A54538D2B5937F7000BB273 /* LeonUITestsLaunchTests.swift */,
			);
			path = LeonUITests;
			sourceTree = "<group>";
		};
		0A71D4382B8BC7B5004EBDA9 /* Frameworks */ = {
			isa = PBXGroup;
			children = (
			);
			name = Frameworks;
			sourceTree = "<group>";
		};
/* End PBXGroup section */

/* Begin PBXNativeTarget section */
		0A5453682B5937F4000BB273 /* Leon */ = {
			isa = PBXNativeTarget;
			buildConfigurationList = 0A5453912B5937F7000BB273 /* Build configuration list for PBXNativeTarget "Leon" */;
			buildPhases = (
				0A5453652B5937F4000BB273 /* Sources */,
				0A5453662B5937F4000BB273 /* Frameworks */,
				0A5453672B5937F4000BB273 /* Resources */,
			);
			buildRules = (
			);
			dependencies = (
			);
			name = Leon;
			packageProductDependencies = (
				0A71D4102B826438004EBDA9 /* FirebaseAnalytics */,
				0A71D4182B826438004EBDA9 /* FirebaseAuth */,
			);
			productName = Leon;
			productReference = 0A5453692B5937F4000BB273 /* Leon.app */;
			productType = "com.apple.product-type.application";
		};
		0A54537C2B5937F7000BB273 /* LeonTests */ = {
			isa = PBXNativeTarget;
			buildConfigurationList = 0A5453942B5937F7000BB273 /* Build configuration list for PBXNativeTarget "LeonTests" */;
			buildPhases = (
				0A5453792B5937F7000BB273 /* Sources */,
				0A54537A2B5937F7000BB273 /* Frameworks */,
				0A54537B2B5937F7000BB273 /* Resources */,
			);
			buildRules = (
			);
			dependencies = (
				0A54537F2B5937F7000BB273 /* PBXTargetDependency */,
			);
			name = LeonTests;
			productName = LeonTests;
			productReference = 0A54537D2B5937F7000BB273 /* LeonTests.xctest */;
			productType = "com.apple.product-type.bundle.unit-test";
		};
		0A5453862B5937F7000BB273 /* LeonUITests */ = {
			isa = PBXNativeTarget;
			buildConfigurationList = 0A5453972B5937F7000BB273 /* Build configuration list for PBXNativeTarget "LeonUITests" */;
			buildPhases = (
				0A5453832B5937F7000BB273 /* Sources */,
				0A5453842B5937F7000BB273 /* Frameworks */,
				0A5453852B5937F7000BB273 /* Resources */,
			);
			buildRules = (
			);
			dependencies = (
				0A5453892B5937F7000BB273 /* PBXTargetDependency */,
			);
			name = LeonUITests;
			productName = LeonUITests;
			productReference = 0A5453872B5937F7000BB273 /* LeonUITests.xctest */;
			productType = "com.apple.product-type.bundle.ui-testing";
		};
/* End PBXNativeTarget section */

/* Begin PBXProject section */
		0A5453612B5937F4000BB273 /* Project object */ = {
			isa = PBXProject;
			attributes = {
				BuildIndependentTargetsInParallel = 1;
				LastSwiftUpdateCheck = 1520;
				LastUpgradeCheck = 1520;
				TargetAttributes = {
					0A5453682B5937F4000BB273 = {
						CreatedOnToolsVersion = 15.2;
					};
					0A54537C2B5937F7000BB273 = {
						CreatedOnToolsVersion = 15.2;
						TestTargetID = 0A5453682B5937F4000BB273;
					};
					0A5453862B5937F7000BB273 = {
						CreatedOnToolsVersion = 15.2;
						TestTargetID = 0A5453682B5937F4000BB273;
					};
				};
			};
			buildConfigurationList = 0A5453642B5937F4000BB273 /* Build configuration list for PBXProject "Leon" */;
			compatibilityVersion = "Xcode 14.0";
			developmentRegion = en;
			hasScannedForEncodings = 0;
			knownRegions = (
				en,
				Base,
			);
			mainGroup = 0A5453602B5937F4000BB273;
			packageReferences = (
				0A71D40F2B826438004EBDA9 /* XCRemoteSwiftPackageReference "firebase-ios-sdk" */,
			);
			productRefGroup = 0A54536A2B5937F4000BB273 /* Products */;
			projectDirPath = "";
			projectRoot = "";
			targets = (
				0A5453682B5937F4000BB273 /* Leon */,
				0A54537C2B5937F7000BB273 /* LeonTests */,
				0A5453862B5937F7000BB273 /* LeonUITests */,
			);
		};
/* End PBXProject section */

/* Begin PBXResourcesBuildPhase section */
		0A5453672B5937F4000BB273 /* Resources */ = {
			isa = PBXResourcesBuildPhase;
			buildActionMask = 2147483647;
			files = (
				0A5453762B5937F7000BB273 /* Preview Assets.xcassets in Resources */,
				0A5453732B5937F7000BB273 /* Assets.xcassets in Resources */,
				0A71D41B2B8264B2004EBDA9 /* GoogleService-Info.plist in Resources */,
			);
			runOnlyForDeploymentPostprocessing = 0;
		};
		0A54537B2B5937F7000BB273 /* Resources */ = {
			isa = PBXResourcesBuildPhase;
			buildActionMask = 2147483647;
			files = (
			);
			runOnlyForDeploymentPostprocessing = 0;
		};
		0A5453852B5937F7000BB273 /* Resources */ = {
			isa = PBXResourcesBuildPhase;
			buildActionMask = 2147483647;
			files = (
			);
			runOnlyForDeploymentPostprocessing = 0;
		};
/* End PBXResourcesBuildPhase section */

/* Begin PBXSourcesBuildPhase section */
		0A5453652B5937F4000BB273 /* Sources */ = {
			isa = PBXSourcesBuildPhase;
			buildActionMask = 2147483647;
			files = (
				0A4DCB4F2B94FF73002F23D8 /* URLSessionProtocol.swift in Sources */,
				0A4DCB552B95DF53002F23D8 /* MainAppView.swift in Sources */,
				0A54536F2B5937F4000BB273 /* ContentView.swift in Sources */,
				0A54539B2B594D71000BB273 /* FinancialModel.swift in Sources */,
				0A71D4252B82A046004EBDA9 /* FinancialDataService.swift in Sources */,
				0A71D41F2B82850A004EBDA9 /* QuoteCard.swift in Sources */,
				0A54539F2B5A80FB000BB273 /* FinancialViewModel.swift in Sources */,
				0A4DCB5D2B9A3260002F23D8 /* DCFModel.swift in Sources */,
				0A5453712B5937F4000BB273 /* Item.swift in Sources */,
				0A71D4292B82AF5F004EBDA9 /* DCFData.swift in Sources */,
				0A71D4272B82A0E9004EBDA9 /* AuthViewModel.swift in Sources */,
				0A54536D2B5937F4000BB273 /* LeonApp.swift in Sources */,
				0A71D41D2B828470004EBDA9 /* CompanyOverviewCard.swift in Sources */,
				0A54539D2B5A7EC2000BB273 /* API.swift in Sources */,
				0A4DCB5B2B96811C002F23D8 /* DCFCard.swift in Sources */,
			);
			runOnlyForDeploymentPostprocessing = 0;
		};
		0A5453792B5937F7000BB273 /* Sources */ = {
			isa = PBXSourcesBuildPhase;
			buildActionMask = 2147483647;
			files = (
				0A5453822B5937F7000BB273 /* LeonTests.swift in Sources */,
			);
			runOnlyForDeploymentPostprocessing = 0;
		};
		0A5453832B5937F7000BB273 /* Sources */ = {
			isa = PBXSourcesBuildPhase;
			buildActionMask = 2147483647;
			files = (
				0A54538E2B5937F7000BB273 /* LeonUITestsLaunchTests.swift in Sources */,
				0A54538C2B5937F7000BB273 /* LeonUITests.swift in Sources */,
			);
			runOnlyForDeploymentPostprocessing = 0;
		};
/* End PBXSourcesBuildPhase section */

/* Begin PBXTargetDependency section */
		0A54537F2B5937F7000BB273 /* PBXTargetDependency */ = {
			isa = PBXTargetDependency;
			target = 0A5453682B5937F4000BB273 /* Leon */;
			targetProxy = 0A54537E2B5937F7000BB273 /* PBXContainerItemProxy */;
		};
		0A5453892B5937F7000BB273 /* PBXTargetDependency */ = {
			isa = PBXTargetDependency;
			target = 0A5453682B5937F4000BB273 /* Leon */;
			targetProxy = 0A5453882B5937F7000BB273 /* PBXContainerItemProxy */;
		};
/* End PBXTargetDependency section */

/* Begin XCBuildConfiguration section */
		0A54538F2B5937F7000BB273 /* Debug */ = {
			isa = XCBuildConfiguration;
			buildSettings = {
				ALWAYS_SEARCH_USER_PATHS = NO;
				ASSETCATALOG_COMPILER_GENERATE_SWIFT_ASSET_SYMBOL_EXTENSIONS = YES;
				CLANG_ANALYZER_NONNULL = YES;
				CLANG_ANALYZER_NUMBER_OBJECT_CONVERSION = YES_AGGRESSIVE;
				CLANG_CXX_LANGUAGE_STANDARD = "gnu++20";
				CLANG_ENABLE_MODULES = YES;
				CLANG_ENABLE_OBJC_ARC = YES;
				CLANG_ENABLE_OBJC_WEAK = YES;
				CLANG_WARN_BLOCK_CAPTURE_AUTORELEASING = YES;
				CLANG_WARN_BOOL_CONVERSION = YES;
				CLANG_WARN_COMMA = YES;
				CLANG_WARN_CONSTANT_CONVERSION = YES;
				CLANG_WARN_DEPRECATED_OBJC_IMPLEMENTATIONS = YES;
				CLANG_WARN_DIRECT_OBJC_ISA_USAGE = YES_ERROR;
				CLANG_WARN_DOCUMENTATION_COMMENTS = YES;
				CLANG_WARN_EMPTY_BODY = YES;
				CLANG_WARN_ENUM_CONVERSION = YES;
				CLANG_WARN_INFINITE_RECURSION = YES;
				CLANG_WARN_INT_CONVERSION = YES;
				CLANG_WARN_NON_LITERAL_NULL_CONVERSION = YES;
				CLANG_WARN_OBJC_IMPLICIT_RETAIN_SELF = YES;
				CLANG_WARN_OBJC_LITERAL_CONVERSION = YES;
				CLANG_WARN_OBJC_ROOT_CLASS = YES_ERROR;
				CLANG_WARN_QUOTED_INCLUDE_IN_FRAMEWORK_HEADER = YES;
				CLANG_WARN_RANGE_LOOP_ANALYSIS = YES;
				CLANG_WARN_STRICT_PROTOTYPES = YES;
				CLANG_WARN_SUSPICIOUS_MOVE = YES;
				CLANG_WARN_UNGUARDED_AVAILABILITY = YES_AGGRESSIVE;
				CLANG_WARN_UNREACHABLE_CODE = YES;
				CLANG_WARN__DUPLICATE_METHOD_MATCH = YES;
				COPY_PHASE_STRIP = NO;
				DEBUG_INFORMATION_FORMAT = dwarf;
				ENABLE_STRICT_OBJC_MSGSEND = YES;
				ENABLE_TESTABILITY = YES;
				ENABLE_USER_SCRIPT_SANDBOXING = YES;
				GCC_C_LANGUAGE_STANDARD = gnu17;
				GCC_DYNAMIC_NO_PIC = NO;
				GCC_NO_COMMON_BLOCKS = YES;
				GCC_OPTIMIZATION_LEVEL = 0;
				GCC_PREPROCESSOR_DEFINITIONS = (
					"DEBUG=1",
					"$(inherited)",
				);
				GCC_WARN_64_TO_32_BIT_CONVERSION = YES;
				GCC_WARN_ABOUT_RETURN_TYPE = YES_ERROR;
				GCC_WARN_UNDECLARED_SELECTOR = YES;
				GCC_WARN_UNINITIALIZED_AUTOS = YES_AGGRESSIVE;
				GCC_WARN_UNUSED_FUNCTION = YES;
				GCC_WARN_UNUSED_VARIABLE = YES;
				IPHONEOS_DEPLOYMENT_TARGET = 17.2;
				LOCALIZATION_PREFERS_STRING_CATALOGS = YES;
				MTL_ENABLE_DEBUG_INFO = INCLUDE_SOURCE;
				MTL_FAST_MATH = YES;
				ONLY_ACTIVE_ARCH = YES;
				SDKROOT = iphoneos;
				SWIFT_ACTIVE_COMPILATION_CONDITIONS = "DEBUG $(inherited)";
				SWIFT_OPTIMIZATION_LEVEL = "-Onone";
			};
			name = Debug;
		};
		0A5453902B5937F7000BB273 /* Release */ = {
			isa = XCBuildConfiguration;
			buildSettings = {
				ALWAYS_SEARCH_USER_PATHS = NO;
				ASSETCATALOG_COMPILER_GENERATE_SWIFT_ASSET_SYMBOL_EXTENSIONS = YES;
				CLANG_ANALYZER_NONNULL = YES;
				CLANG_ANALYZER_NUMBER_OBJECT_CONVERSION = YES_AGGRESSIVE;
				CLANG_CXX_LANGUAGE_STANDARD = "gnu++20";
				CLANG_ENABLE_MODULES = YES;
				CLANG_ENABLE_OBJC_ARC = YES;
				CLANG_ENABLE_OBJC_WEAK = YES;
				CLANG_WARN_BLOCK_CAPTURE_AUTORELEASING = YES;
				CLANG_WARN_BOOL_CONVERSION = YES;
				CLANG_WARN_COMMA = YES;
				CLANG_WARN_CONSTANT_CONVERSION = YES;
				CLANG_WARN_DEPRECATED_OBJC_IMPLEMENTATIONS = YES;
				CLANG_WARN_DIRECT_OBJC_ISA_USAGE = YES_ERROR;
				CLANG_WARN_DOCUMENTATION_COMMENTS = YES;
				CLANG_WARN_EMPTY_BODY = YES;
				CLANG_WARN_ENUM_CONVERSION = YES;
				CLANG_WARN_INFINITE_RECURSION = YES;
				CLANG_WARN_INT_CONVERSION = YES;
				CLANG_WARN_NON_LITERAL_NULL_CONVERSION = YES;
				CLANG_WARN_OBJC_IMPLICIT_RETAIN_SELF = YES;
				CLANG_WARN_OBJC_LITERAL_CONVERSION = YES;
				CLANG_WARN_OBJC_ROOT_CLASS = YES_ERROR;
				CLANG_WARN_QUOTED_INCLUDE_IN_FRAMEWORK_HEADER = YES;
				CLANG_WARN_RANGE_LOOP_ANALYSIS = YES;
				CLANG_WARN_STRICT_PROTOTYPES = YES;
				CLANG_WARN_SUSPICIOUS_MOVE = YES;
				CLANG_WARN_UNGUARDED_AVAILABILITY = YES_AGGRESSIVE;
				CLANG_WARN_UNREACHABLE_CODE = YES;
				CLANG_WARN__DUPLICATE_METHOD_MATCH = YES;
				COPY_PHASE_STRIP = NO;
				DEBUG_INFORMATION_FORMAT = "dwarf-with-dsym";
				ENABLE_NS_ASSERTIONS = NO;
				ENABLE_STRICT_OBJC_MSGSEND = YES;
				ENABLE_USER_SCRIPT_SANDBOXING = YES;
				GCC_C_LANGUAGE_STANDARD = gnu17;
				GCC_NO_COMMON_BLOCKS = YES;
				GCC_WARN_64_TO_32_BIT_CONVERSION = YES;
				GCC_WARN_ABOUT_RETURN_TYPE = YES_ERROR;
				GCC_WARN_UNDECLARED_SELECTOR = YES;
				GCC_WARN_UNINITIALIZED_AUTOS = YES_AGGRESSIVE;
				GCC_WARN_UNUSED_FUNCTION = YES;
				GCC_WARN_UNUSED_VARIABLE = YES;
				IPHONEOS_DEPLOYMENT_TARGET = 17.2;
				LOCALIZATION_PREFERS_STRING_CATALOGS = YES;
				MTL_ENABLE_DEBUG_INFO = NO;
				MTL_FAST_MATH = YES;
				SDKROOT = iphoneos;
				SWIFT_COMPILATION_MODE = wholemodule;
				VALIDATE_PRODUCT = YES;
			};
			name = Release;
		};
		0A5453922B5937F7000BB273 /* Debug */ = {
			isa = XCBuildConfiguration;
			buildSettings = {
				ASSETCATALOG_COMPILER_APPICON_NAME = AppIcon;
				ASSETCATALOG_COMPILER_GLOBAL_ACCENT_COLOR_NAME = AccentColor;
				CODE_SIGN_ENTITLEMENTS = Leon/Leon.entitlements;
				CODE_SIGN_STYLE = Automatic;
				CURRENT_PROJECT_VERSION = 1;
				DEVELOPMENT_ASSET_PATHS = "\"Leon/Preview Content\"";
				DEVELOPMENT_TEAM = C34HFXM279;
				ENABLE_PREVIEWS = YES;
				GENERATE_INFOPLIST_FILE = YES;
				INFOPLIST_FILE = Leon/Info.plist;
				INFOPLIST_KEY_UIApplicationSceneManifest_Generation = YES;
				INFOPLIST_KEY_UIApplicationSupportsIndirectInputEvents = YES;
				INFOPLIST_KEY_UILaunchScreen_Generation = YES;
				INFOPLIST_KEY_UISupportedInterfaceOrientations_iPad = "UIInterfaceOrientationPortrait UIInterfaceOrientationPortraitUpsideDown UIInterfaceOrientationLandscapeLeft UIInterfaceOrientationLandscapeRight";
				INFOPLIST_KEY_UISupportedInterfaceOrientations_iPhone = "UIInterfaceOrientationPortrait UIInterfaceOrientationLandscapeLeft UIInterfaceOrientationLandscapeRight";
				LD_RUNPATH_SEARCH_PATHS = (
					"$(inherited)",
					"@executable_path/Frameworks",
				);
				MARKETING_VERSION = 1.0;
				PRODUCT_BUNDLE_IDENTIFIER = io.kevindowney.Leon;
				PRODUCT_NAME = "$(TARGET_NAME)";
				SWIFT_EMIT_LOC_STRINGS = YES;
				SWIFT_VERSION = 5.0;
				TARGETED_DEVICE_FAMILY = "1,2";
			};
			name = Debug;
		};
		0A5453932B5937F7000BB273 /* Release */ = {
			isa = XCBuildConfiguration;
			buildSettings = {
				ASSETCATALOG_COMPILER_APPICON_NAME = AppIcon;
				ASSETCATALOG_COMPILER_GLOBAL_ACCENT_COLOR_NAME = AccentColor;
				CODE_SIGN_ENTITLEMENTS = Leon/Leon.entitlements;
				CODE_SIGN_STYLE = Automatic;
				CURRENT_PROJECT_VERSION = 1;
				DEVELOPMENT_ASSET_PATHS = "\"Leon/Preview Content\"";
				DEVELOPMENT_TEAM = C34HFXM279;
				ENABLE_PREVIEWS = YES;
				GENERATE_INFOPLIST_FILE = YES;
				INFOPLIST_FILE = Leon/Info.plist;
				INFOPLIST_KEY_UIApplicationSceneManifest_Generation = YES;
				INFOPLIST_KEY_UIApplicationSupportsIndirectInputEvents = YES;
				INFOPLIST_KEY_UILaunchScreen_Generation = YES;
				INFOPLIST_KEY_UISupportedInterfaceOrientations_iPad = "UIInterfaceOrientationPortrait UIInterfaceOrientationPortraitUpsideDown UIInterfaceOrientationLandscapeLeft UIInterfaceOrientationLandscapeRight";
				INFOPLIST_KEY_UISupportedInterfaceOrientations_iPhone = "UIInterfaceOrientationPortrait UIInterfaceOrientationLandscapeLeft UIInterfaceOrientationLandscapeRight";
				LD_RUNPATH_SEARCH_PATHS = (
					"$(inherited)",
					"@executable_path/Frameworks",
				);
				MARKETING_VERSION = 1.0;
				PRODUCT_BUNDLE_IDENTIFIER = io.kevindowney.Leon;
				PRODUCT_NAME = "$(TARGET_NAME)";
				SWIFT_EMIT_LOC_STRINGS = YES;
				SWIFT_VERSION = 5.0;
				TARGETED_DEVICE_FAMILY = "1,2";
			};
			name = Release;
		};
		0A5453952B5937F7000BB273 /* Debug */ = {
			isa = XCBuildConfiguration;
			buildSettings = {
				ALWAYS_EMBED_SWIFT_STANDARD_LIBRARIES = YES;
				BUNDLE_LOADER = "$(TEST_HOST)";
				CODE_SIGN_STYLE = Automatic;
				CURRENT_PROJECT_VERSION = 1;
				DEVELOPMENT_TEAM = C34HFXM279;
				GENERATE_INFOPLIST_FILE = YES;
				IPHONEOS_DEPLOYMENT_TARGET = 17.2;
				MARKETING_VERSION = 1.0;
				PRODUCT_BUNDLE_IDENTIFIER = io.kevindowney.LeonTests;
				PRODUCT_NAME = "$(TARGET_NAME)";
				SWIFT_EMIT_LOC_STRINGS = NO;
				SWIFT_VERSION = 5.0;
				TARGETED_DEVICE_FAMILY = "1,2";
				TEST_HOST = "$(BUILT_PRODUCTS_DIR)/Leon.app/$(BUNDLE_EXECUTABLE_FOLDER_PATH)/Leon";
			};
			name = Debug;
		};
		0A5453962B5937F7000BB273 /* Release */ = {
			isa = XCBuildConfiguration;
			buildSettings = {
				ALWAYS_EMBED_SWIFT_STANDARD_LIBRARIES = YES;
				BUNDLE_LOADER = "$(TEST_HOST)";
				CODE_SIGN_STYLE = Automatic;
				CURRENT_PROJECT_VERSION = 1;
				DEVELOPMENT_TEAM = C34HFXM279;
				GENERATE_INFOPLIST_FILE = YES;
				IPHONEOS_DEPLOYMENT_TARGET = 17.2;
				MARKETING_VERSION = 1.0;
				PRODUCT_BUNDLE_IDENTIFIER = io.kevindowney.LeonTests;
				PRODUCT_NAME = "$(TARGET_NAME)";
				SWIFT_EMIT_LOC_STRINGS = NO;
				SWIFT_VERSION = 5.0;
				TARGETED_DEVICE_FAMILY = "1,2";
				TEST_HOST = "$(BUILT_PRODUCTS_DIR)/Leon.app/$(BUNDLE_EXECUTABLE_FOLDER_PATH)/Leon";
			};
			name = Release;
		};
		0A5453982B5937F7000BB273 /* Debug */ = {
			isa = XCBuildConfiguration;
			buildSettings = {
				ALWAYS_EMBED_SWIFT_STANDARD_LIBRARIES = YES;
				CODE_SIGN_STYLE = Automatic;
				CURRENT_PROJECT_VERSION = 1;
				DEVELOPMENT_TEAM = C34HFXM279;
				GENERATE_INFOPLIST_FILE = YES;
				MARKETING_VERSION = 1.0;
				PRODUCT_BUNDLE_IDENTIFIER = io.kevindowney.LeonUITests;
				PRODUCT_NAME = "$(TARGET_NAME)";
				SWIFT_EMIT_LOC_STRINGS = NO;
				SWIFT_VERSION = 5.0;
				TARGETED_DEVICE_FAMILY = "1,2";
				TEST_TARGET_NAME = Leon;
			};
			name = Debug;
		};
		0A5453992B5937F7000BB273 /* Release */ = {
			isa = XCBuildConfiguration;
			buildSettings = {
				ALWAYS_EMBED_SWIFT_STANDARD_LIBRARIES = YES;
				CODE_SIGN_STYLE = Automatic;
				CURRENT_PROJECT_VERSION = 1;
				DEVELOPMENT_TEAM = C34HFXM279;
				GENERATE_INFOPLIST_FILE = YES;
				MARKETING_VERSION = 1.0;
				PRODUCT_BUNDLE_IDENTIFIER = io.kevindowney.LeonUITests;
				PRODUCT_NAME = "$(TARGET_NAME)";
				SWIFT_EMIT_LOC_STRINGS = NO;
				SWIFT_VERSION = 5.0;
				TARGETED_DEVICE_FAMILY = "1,2";
				TEST_TARGET_NAME = Leon;
			};
			name = Release;
		};
/* End XCBuildConfiguration section */

/* Begin XCConfigurationList section */
		0A5453642B5937F4000BB273 /* Build configuration list for PBXProject "Leon" */ = {
			isa = XCConfigurationList;
			buildConfigurations = (
				0A54538F2B5937F7000BB273 /* Debug */,
				0A5453902B5937F7000BB273 /* Release */,
			);
			defaultConfigurationIsVisible = 0;
			defaultConfigurationName = Release;
		};
		0A5453912B5937F7000BB273 /* Build configuration list for PBXNativeTarget "Leon" */ = {
			isa = XCConfigurationList;
			buildConfigurations = (
				0A5453922B5937F7000BB273 /* Debug */,
				0A5453932B5937F7000BB273 /* Release */,
			);
			defaultConfigurationIsVisible = 0;
			defaultConfigurationName = Release;
		};
		0A5453942B5937F7000BB273 /* Build configuration list for PBXNativeTarget "LeonTests" */ = {
			isa = XCConfigurationList;
			buildConfigurations = (
				0A5453952B5937F7000BB273 /* Debug */,
				0A5453962B5937F7000BB273 /* Release */,
			);
			defaultConfigurationIsVisible = 0;
			defaultConfigurationName = Release;
		};
		0A5453972B5937F7000BB273 /* Build configuration list for PBXNativeTarget "LeonUITests" */ = {
			isa = XCConfigurationList;
			buildConfigurations = (
				0A5453982B5937F7000BB273 /* Debug */,
				0A5453992B5937F7000BB273 /* Release */,
			);
			defaultConfigurationIsVisible = 0;
			defaultConfigurationName = Release;
		};
/* End XCConfigurationList section */

/* Begin XCRemoteSwiftPackageReference section */
		0A71D40F2B826438004EBDA9 /* XCRemoteSwiftPackageReference "firebase-ios-sdk" */ = {
			isa = XCRemoteSwiftPackageReference;
			repositoryURL = "https://github.com/firebase/firebase-ios-sdk.git";
			requirement = {
				kind = upToNextMajorVersion;
				minimumVersion = 10.21.0;
			};
		};
/* End XCRemoteSwiftPackageReference section */

/* Begin XCSwiftPackageProductDependency section */
		0A71D4102B826438004EBDA9 /* FirebaseAnalytics */ = {
			isa = XCSwiftPackageProductDependency;
			package = 0A71D40F2B826438004EBDA9 /* XCRemoteSwiftPackageReference "firebase-ios-sdk" */;
			productName = FirebaseAnalytics;
		};
		0A71D4182B826438004EBDA9 /* FirebaseAuth */ = {
			isa = XCSwiftPackageProductDependency;
			package = 0A71D40F2B826438004EBDA9 /* XCRemoteSwiftPackageReference "firebase-ios-sdk" */;
			productName = FirebaseAuth;
		};
/* End XCSwiftPackageProductDependency section */
	};
	rootObject = 0A5453612B5937F4000BB273 /* Project object */;
}
